// !$*UTF8*$!
{
	archiveVersion = 1;
	classes = {
	};
	objectVersion = 46;
	objects = {

/* Begin PBXBuildFile section */
		1843B28B1EF00FEF008EA090 /* AppDelegate.swift in Sources */ = {isa = PBXBuildFile; fileRef = 1843B28A1EF00FEF008EA090 /* AppDelegate.swift */; };
		1843B28D1EF00FEF008EA090 /* ViewController.swift in Sources */ = {isa = PBXBuildFile; fileRef = 1843B28C1EF00FEF008EA090 /* ViewController.swift */; };
		1843B2901EF00FEF008EA090 /* Main.storyboard in Resources */ = {isa = PBXBuildFile; fileRef = 1843B28E1EF00FEF008EA090 /* Main.storyboard */; };
		1843B2921EF00FEF008EA090 /* Assets.xcassets in Resources */ = {isa = PBXBuildFile; fileRef = 1843B2911EF00FEF008EA090 /* Assets.xcassets */; };
		1843B2951EF00FEF008EA090 /* LaunchScreen.storyboard in Resources */ = {isa = PBXBuildFile; fileRef = 1843B2931EF00FEF008EA090 /* LaunchScreen.storyboard */; };
/* End PBXBuildFile section */

/* Begin PBXFileReference section */
		1843B2871EF00FEF008EA090 /* IntegrateFramework.app */ = {isa = PBXFileReference; explicitFileType = wrapper.application; includeInIndex = 0; path = IntegrateFramework.app; sourceTree = BUILT_PRODUCTS_DIR; };
		1843B28A1EF00FEF008EA090 /* AppDelegate.swift */ = {isa = PBXFileReference; lastKnownFileType = sourcecode.swift; path = AppDelegate.swift; sourceTree = "<group>"; };
		1843B28C1EF00FEF008EA090 /* ViewController.swift */ = {isa = PBXFileReference; lastKnownFileType = sourcecode.swift; path = ViewController.swift; sourceTree = "<group>"; };
		1843B28F1EF00FEF008EA090 /* Base */ = {isa = PBXFileReference; lastKnownFileType = file.storyboard; name = Base; path = Base.lproj/Main.storyboard; sourceTree = "<group>"; };
		1843B2911EF00FEF008EA090 /* Assets.xcassets */ = {isa = PBXFileReference; lastKnownFileType = folder.assetcatalog; path = Assets.xcassets; sourceTree = "<group>"; };
		1843B2941EF00FEF008EA090 /* Base */ = {isa = PBXFileReference; lastKnownFileType = file.storyboard; name = Base; path = Base.lproj/LaunchScreen.storyboard; sourceTree = "<group>"; };
		1843B2961EF00FEF008EA090 /* Info.plist */ = {isa = PBXFileReference; lastKnownFileType = text.plist.xml; path = Info.plist; sourceTree = "<group>"; };
/* End PBXFileReference section */

/* Begin PBXFrameworksBuildPhase section */
		1843B2841EF00FEF008EA090 /* Frameworks */ = {
			isa = PBXFrameworksBuildPhase;
			buildActionMask = 2147483647;
			files = (
			);
			runOnlyForDeploymentPostprocessing = 0;
		};
/* End PBXFrameworksBuildPhase section */

/* Begin PBXGroup section */
		1843B27E1EF00FEE008EA090 = {
			isa = PBXGroup;
			children = (
				1843B2891EF00FEF008EA090 /* IntegrateFramework */,
				1843B2881EF00FEF008EA090 /* Products */,
			);
			sourceTree = "<group>";
		};
		1843B2881EF00FEF008EA090 /* Products */ = {
			isa = PBXGroup;
			children = (
				1843B2871EF00FEF008EA090 /* IntegrateFramework.app */,
			);
			name = Products;
			sourceTree = "<group>";
		};
		1843B2891EF00FEF008EA090 /* IntegrateFramework */ = {
			isa = PBXGroup;
			children = (
				1843B28A1EF00FEF008EA090 /* AppDelegate.swift */,
				1843B28C1EF00FEF008EA090 /* ViewController.swift */,
				1843B28E1EF00FEF008EA090 /* Main.storyboard */,
				1843B2911EF00FEF008EA090 /* Assets.xcassets */,
				1843B2931EF00FEF008EA090 /* LaunchScreen.storyboard */,
				1843B2961EF00FEF008EA090 /* Info.plist */,
			);
			path = IntegrateFramework;
			sourceTree = "<group>";
		};
/* End PBXGroup section */

/* Begin PBXNativeTarget section */
		1843B2861EF00FEF008EA090 /* IntegrateFramework */ = {
			isa = PBXNativeTarget;
			buildConfigurationList = 1843B2991EF00FEF008EA090 /* Build configuration list for PBXNativeTarget "IntegrateFramework" */;
			buildPhases = (
				1843B2831EF00FEF008EA090 /* Sources */,
				1843B2841EF00FEF008EA090 /* Frameworks */,
				1843B2851EF00FEF008EA090 /* Resources */,
			);
			buildRules = (
			);
			dependencies = (
			);
			name = IntegrateFramework;
			productName = IntegrateFramework;
			productReference = 1843B2871EF00FEF008EA090 /* IntegrateFramework.app */;
			productType = "com.apple.product-type.application";
		};
/* End PBXNativeTarget section */

/* Begin PBXProject section */
		1843B27F1EF00FEE008EA090 /* Project object */ = {
			isa = PBXProject;
			attributes = {
				LastSwiftUpdateCheck = 0800;
				LastUpgradeCheck = 0800;
				ORGANIZATIONNAME = ndot;
				TargetAttributes = {
					1843B2861EF00FEF008EA090 = {
						CreatedOnToolsVersion = 8.0;
						ProvisioningStyle = Automatic;
					};
				};
			};
			buildConfigurationList = 1843B2821EF00FEE008EA090 /* Build configuration list for PBXProject "IntegrateFramework" */;
			compatibilityVersion = "Xcode 3.2";
			developmentRegion = English;
			hasScannedForEncodings = 0;
			knownRegions = (
				en,
				Base,
			);
			mainGroup = 1843B27E1EF00FEE008EA090;
			productRefGroup = 1843B2881EF00FEF008EA090 /* Products */;
			projectDirPath = "";
			projectRoot = "";
			targets = (
				1843B2861EF00FEF008EA090 /* IntegrateFramework */,
			);
		};
/* End PBXProject section */

/* Begin PBXResourcesBuildPhase section */
		1843B2851EF00FEF008EA090 /* Resources */ = {
			isa = PBXResourcesBuildPhase;
			buildActionMask = 2147483647;
			files = (
				1843B2951EF00FEF008EA090 /* LaunchScreen.storyboard in Resources */,
				1843B2921EF00FEF008EA090 /* Assets.xcassets in Resources */,
				1843B2901EF00FEF008EA090 /* Main.storyboard in Resources */,
			);
			runOnlyForDeploymentPostprocessing = 0;
		};
/* End PBXResourcesBuildPhase section */

/* Begin PBXSourcesBuildPhase section */
		1843B2831EF00FEF008EA090 /* Sources */ = {
			isa = PBXSourcesBuildPhase;
			buildActionMask = 2147483647;
			files = (
				1843B28D1EF00FEF008EA090 /* ViewController.swift in Sources */,
				1843B28B1EF00FEF008EA090 /* AppDelegate.swift in Sources */,
			);
			runOnlyForDeploymentPostprocessing = 0;
		};
/* End PBXSourcesBuildPhase section */

/* Begin PBXVariantGroup section */
		1843B28E1EF00FEF008EA090 /* Main.storyboard */ = {
			isa = PBXVariantGroup;
			children = (
				1843B28F1EF00FEF008EA090 /* Base */,
			);
			name = Main.storyboard;
			sourceTree = "<group>";
		};
		1843B2931EF00FEF008EA090 /* LaunchScreen.storyboard */ = {
			isa = PBXVariantGroup;
			children = (
				1843B2941EF00FEF008EA090 /* Base */,
			);
			name = LaunchScreen.storyboard;
			sourceTree = "<group>";
		};
/* End PBXVariantGroup section */

/* Begin XCBuildConfiguration section */
		1843B2971EF00FEF008EA090 /* Debug */ = {
			isa = XCBuildConfiguration;
			buildSettings = {
				ALWAYS_SEARCH_USER_PATHS = NO;
				CLANG_ANALYZER_NONNULL = YES;
				CLANG_CXX_LANGUAGE_STANDARD = "gnu++0x";
				CLANG_CXX_LIBRARY = "libc++";
				CLANG_ENABLE_MODULES = YES;
				CLANG_ENABLE_OBJC_ARC = YES;
				CLANG_WARN_BOOL_CONVERSION = YES;
				CLANG_WARN_CONSTANT_CONVERSION = YES;
				CLANG_WARN_DIRECT_OBJC_ISA_USAGE = YES_ERROR;
				CLANG_WARN_DOCUMENTATION_COMMENTS = YES;
				CLANG_WARN_EMPTY_BODY = YES;
				CLANG_WARN_ENUM_CONVERSION = YES;
				CLANG_WARN_INFINITE_RECURSION = YES;
				CLANG_WARN_INT_CONVERSION = YES;
				CLANG_WARN_OBJC_ROOT_CLASS = YES_ERROR;
				CLANG_WARN_SUSPICIOUS_MOVES = YES;
				CLANG_WARN_UNREACHABLE_CODE = YES;
				CLANG_WARN__DUPLICATE_METHOD_MATCH = YES;
				"CODE_SIGN_IDENTITY[sdk=iphoneos*]" = "iPhone Developer";
				COPY_PHASE_STRIP = NO;
				DEBUG_INFORMATION_FORMAT = dwarf;
				ENABLE_STRICT_OBJC_MSGSEND = YES;
				ENABLE_TESTABILITY = YES;
				GCC_C_LANGUAGE_STANDARD = gnu99;
				GCC_DYNAMIC_NO_PIC = NO;
				GCC_NO_COMMON_BLOCKS = YES;
				GCC_OPTIMIZATION_LEVEL = 0;
				GCC_PREPROCESSOR_DEFINITIONS = (
					"DEBUG=1",
					"$(inherited)",
				);
				GCC_WARN_64_TO_32_BIT_CONVERSION = YES;
				GCC_WARN_ABOUT_RETURN_TYPE = YES_ERROR;
				GCC_WARN_UNDECLARED_SELECTOR = YES;
				GCC_WARN_UNINITIALIZED_AUTOS = YES_AGGRESSIVE;
				GCC_WARN_UNUSED_FUNCTION = YES;
				GCC_WARN_UNUSED_VARIABLE = YES;
				IPHONEOS_DEPLOYMENT_TARGET = 10.0;
				MTL_ENABLE_DEBUG_INFO = YES;
				ONLY_ACTIVE_ARCH = YES;
				SDKROOT = iphoneos;
				SWIFT_ACTIVE_COMPILATION_CONDITIONS = DEBUG;
				SWIFT_OPTIMIZATION_LEVEL = "-Onone";
				TARGETED_DEVICE_FAMILY = "1,2";
			};
			name = Debug;
		};
		1843B2981EF00FEF008EA090 /* Release */ = {
			isa = XCBuildConfiguration;
			buildSettings = {
				ALWAYS_SEARCH_USER_PATHS = NO;
				CLANG_ANALYZER_NONNULL = YES;
				CLANG_CXX_LANGUAGE_STANDARD = "gnu++0x";
				CLANG_CXX_LIBRARY = "libc++";
				CLANG_ENABLE_MODULES = YES;
				CLANG_ENABLE_OBJC_ARC = YES;
				CLANG_WARN_BOOL_CONVERSION = YES;
				CLANG_WARN_CONSTANT_CONVERSION = YES;
				CLANG_WARN_DIRECT_OBJC_ISA_USAGE = YES_ERROR;
				CLANG_WARN_DOCUMENTATION_COMMENTS = YES;
				CLANG_WARN_EMPTY_BODY = YES;
				CLANG_WARN_ENUM_CONVERSION = YES;
				CLANG_WARN_INFINITE_RECURSION = YES;
				CLANG_WARN_INT_CONVERSION = YES;
				CLANG_WARN_OBJC_ROOT_CLASS = YES_ERROR;
				CLANG_WARN_SUSPICIOUS_MOVES = YES;
				CLANG_WARN_UNREACHABLE_CODE = YES;
				CLANG_WARN__DUPLICATE_METHOD_MATCH = YES;
				"CODE_SIGN_IDENTITY[sdk=iphoneos*]" = "iPhone Developer";
				COPY_PHASE_STRIP = NO;
				DEBUG_INFORMATION_FORMAT = "dwarf-with-dsym";
				ENABLE_NS_ASSERTIONS = NO;
				ENABLE_STRICT_OBJC_MSGSEND = YES;
				GCC_C_LANGUAGE_STANDARD = gnu99;
				GCC_NO_COMMON_BLOCKS = YES;
				GCC_WARN_64_TO_32_BIT_CONVERSION = YES;
				GCC_WARN_ABOUT_RETURN_TYPE = YES_ERROR;
				GCC_WARN_UNDECLARED_SELECTOR = YES;
				GCC_WARN_UNINITIALIZED_AUTOS = YES_AGGRESSIVE;
				GCC_WARN_UNUSED_FUNCTION = YES;
				GCC_WARN_UNUSED_VARIABLE = YES;
				IPHONEOS_DEPLOYMENT_TARGET = 10.0;
				MTL_ENABLE_DEBUG_INFO = NO;
				SDKROOT = iphoneos;
				SWIFT_OPTIMIZATION_LEVEL = "-Owholemodule";
				TARGETED_DEVICE_FAMILY = "1,2";
				VALIDATE_PRODUCT = YES;
			};
			name = Release;
		};
		1843B29A1EF00FEF008EA090 /* Debug */ = {
			isa = XCBuildConfiguration;
			buildSettings = {
				ASSETCATALOG_COMPILER_APPICON_NAME = AppIcon;
				INFOPLIST_FILE = IntegrateFramework/Info.plist;
				LD_RUNPATH_SEARCH_PATHS = "$(inherited) @executable_path/Frameworks";
				PRODUCT_BUNDLE_IDENTIFIER = com.ndot.IntegrateFramework;
				PRODUCT_NAME = "$(TARGET_NAME)";
				SWIFT_VERSION = 3.0;
			};
			name = Debug;
		};
		1843B29B1EF00FEF008EA090 /* Release */ = {
			isa = XCBuildConfiguration;
			buildSettings = {
				ASSETCATALOG_COMPILER_APPICON_NAME = AppIcon;
				INFOPLIST_FILE = IntegrateFramework/Info.plist;
				LD_RUNPATH_SEARCH_PATHS = "$(inherited) @executable_path/Frameworks";
				PRODUCT_BUNDLE_IDENTIFIER = com.ndot.IntegrateFramework;
				PRODUCT_NAME = "$(TARGET_NAME)";
				SWIFT_VERSION = 3.0;
			};
			name = Release;
		};
/* End XCBuildConfiguration section */

/* Begin XCConfigurationList section */
		1843B2821EF00FEE008EA090 /* Build configuration list for PBXProject "IntegrateFramework" */ = {
			isa = XCConfigurationList;
			buildConfigurations = (
				1843B2971EF00FEF008EA090 /* Debug */,
				1843B2981EF00FEF008EA090 /* Release */,
			);
			defaultConfigurationIsVisible = 0;
			defaultConfigurationName = Release;
		};
		1843B2991EF00FEF008EA090 /* Build configuration list for PBXNativeTarget "IntegrateFramework" */ = {
			isa = XCConfigurationList;
			buildConfigurations = (
				1843B29A1EF00FEF008EA090 /* Debug */,
				1843B29B1EF00FEF008EA090 /* Release */,
			);
			defaultConfigurationIsVisible = 0;
		};
/* End XCConfigurationList section */
	};
	rootObject = 1843B27F1EF00FEE008EA090 /* Project object */;
}
